# Windows x64 / CPython 3.13. Minimal local U²-Net inference runtime.
# Every wheel comes from PyPI and is hash-pinned for reproducible packaging.
flatbuffers==25.12.19 --hash=sha256:7634f50c427838bb021c2d66a3d1168e9d199b0607e6329399f04846d42e20b4
numpy==2.5.3 --hash=sha256:71cad2b2a7451ab79d8f5e71b453485b6775963d5cf794179144a7463fe6e8ec
onnxruntime==1.30.0 --hash=sha256:4b63041bd623a9a9ac5e353948436c6fa7f43edd12d6b4a4ebc340bca959ba93
packaging==26.3 --hash=sha256:d7193f7c8e4e93f444fde0262bf90af30e16fa0ad0ad44cb553c87339b23cd1c
pillow==12.3.0 --hash=sha256:1cca606cd25738df4ed873d5ad46bbdb3d83b5cbca291f6b4ff13a4df6b0bbe8
protobuf==7.36.2 --hash=sha256:a300819d441e078a5608c0d3c709796bb548136058fda017ae51d425b44fd353
